// !$*UTF8*$!
{
	archiveVersion = 1;
	classes = {
	};
	objectVersion = 55;
	objects = {

/* Begin PBXBuildFile section */
		0D520BE628D3107800861024 /* MyOwnContactsApp.swift in Sources */ = {isa = PBXBuildFile; fileRef = 0D520BE528D3107800861024 /* MyOwnContactsApp.swift */; };
		0D520BE828D3107800861024 /* HomeView.swift in Sources */ = {isa = PBXBuildFile; fileRef = 0D520BE728D3107800861024 /* HomeView.swift */; };
		0D520BEA28D3107900861024 /* Assets.xcassets in Resources */ = {isa = PBXBuildFile; fileRef = 0D520BE928D3107900861024 /* Assets.xcassets */; };
		0D520BED28D3107900861024 /* Preview Assets.xcassets in Resources */ = {isa = PBXBuildFile; fileRef = 0D520BEC28D3107900861024 /* Preview Assets.xcassets */; };
		0D520BFA28D310C700861024 /* WidgetKit.framework in Frameworks */ = {isa = PBXBuildFile; fileRef = 0D520BF928D310C700861024 /* WidgetKit.framework */; };
		0D520BFC28D310C700861024 /* SwiftUI.framework in Frameworks */ = {isa = PBXBuildFile; fileRef = 0D520BFB28D310C700861024 /* SwiftUI.framework */; };
		0D520BFF28D310C700861024 /* ContactsWidget.swift in Sources */ = {isa = PBXBuildFile; fileRef = 0D520BFE28D310C700861024 /* ContactsWidget.swift */; };
		0D520C0128D310C700861024 /* Assets.xcassets in Resources */ = {isa = PBXBuildFile; fileRef = 0D520C0028D310C700861024 /* Assets.xcassets */; };
		0D520C0528D310C700861024 /* ContactsWidgetExtension.appex in Embed App Extensions */ = {isa = PBXBuildFile; fileRef = 0D520BF728D310C700861024 /* ContactsWidgetExtension.appex */; settings = {ATTRIBUTES = (RemoveHeadersOnCopy, ); }; };
		0D6614F028E8235100322000 /* ContactRowView.swift in Sources */ = {isa = PBXBuildFile; fileRef = 0D6614EF28E8235100322000 /* ContactRowView.swift */; };
		0D6614F428E855F000322000 /* Provider.swift in Sources */ = {isa = PBXBuildFile; fileRef = 0D6614F328E855F000322000 /* Provider.swift */; };
		0D6614F628E8589B00322000 /* ContactEntry.swift in Sources */ = {isa = PBXBuildFile; fileRef = 0D6614F528E8589B00322000 /* ContactEntry.swift */; };
		0D6614FA28E8660E00322000 /* MediumSizeView.swift in Sources */ = {isa = PBXBuildFile; fileRef = 0D6614F928E8660E00322000 /* MediumSizeView.swift */; };
		0D6614FF28E8991B00322000 /* ContactDetailsView.swift in Sources */ = {isa = PBXBuildFile; fileRef = 0D6614FE28E8991B00322000 /* ContactDetailsView.swift */; };
		0D66150228E89B5D00322000 /* Helpers.swift in Sources */ = {isa = PBXBuildFile; fileRef = 0D66150128E89B5D00322000 /* Helpers.swift */; };
		0D66150528E89DAB00322000 /* ContactServices.swift in Sources */ = {isa = PBXBuildFile; fileRef = 0D66150428E89DAB00322000 /* ContactServices.swift */; };
		0D66150628E89E3100322000 /* ContactServices.swift in Sources */ = {isa = PBXBuildFile; fileRef = 0D66150428E89DAB00322000 /* ContactServices.swift */; };
		0D66150928E89E4C00322000 /* Contact.swift in Sources */ = {isa = PBXBuildFile; fileRef = 0D66150828E89E4C00322000 /* Contact.swift */; };
		0D66150A28E89E4C00322000 /* Contact.swift in Sources */ = {isa = PBXBuildFile; fileRef = 0D66150828E89E4C00322000 /* Contact.swift */; };
		0D66150B28E89E7000322000 /* Helpers.swift in Sources */ = {isa = PBXBuildFile; fileRef = 0D66150128E89B5D00322000 /* Helpers.swift */; };
		0D66150D28E8A3AE00322000 /* SmallSizeView.swift in Sources */ = {isa = PBXBuildFile; fileRef = 0D66150C28E8A3AE00322000 /* SmallSizeView.swift */; };
		0D72C9F228FF1FD7005A76F2 /* TimelineView.swift in Sources */ = {isa = PBXBuildFile; fileRef = 0D72C9F128FF1FD7005A76F2 /* TimelineView.swift */; };
		0D72C9F428FF1FF4005A76F2 /* CalendarServices.swift in Sources */ = {isa = PBXBuildFile; fileRef = 0D72C9F328FF1FF4005A76F2 /* CalendarServices.swift */; };
		0D72C9F628FF1FFF005A76F2 /* CalendarEntry.swift in Sources */ = {isa = PBXBuildFile; fileRef = 0D72C9F528FF1FFF005A76F2 /* CalendarEntry.swift */; };
		0DAEFADB28E7CFBB002E055A /* ContactWidgetView.swift in Sources */ = {isa = PBXBuildFile; fileRef = 0DAEFADA28E7CFBB002E055A /* ContactWidgetView.swift */; };
/* End PBXBuildFile section */

/* Begin PBXContainerItemProxy section */
		0D520C0328D310C700861024 /* PBXContainerItemProxy */ = {
			isa = PBXContainerItemProxy;
			containerPortal = 0D520BDA28D3107800861024 /* Project object */;
			proxyType = 1;
			remoteGlobalIDString = 0D520BF628D310C700861024;
			remoteInfo = ContactsWidgetExtension;
		};
/* End PBXContainerItemProxy section */

/* Begin PBXCopyFilesBuildPhase section */
		0D520C0928D310C700861024 /* Embed App Extensions */ = {
			isa = PBXCopyFilesBuildPhase;
			buildActionMask = 2147483647;
			dstPath = "";
			dstSubfolderSpec = 13;
			files = (
				0D520C0528D310C700861024 /* ContactsWidgetExtension.appex in Embed App Extensions */,
			);
			name = "Embed App Extensions";
			runOnlyForDeploymentPostprocessing = 0;
		};
/* End PBXCopyFilesBuildPhase section */

/* Begin PBXFileReference section */
		0D520BE228D3107800861024 /* MyOwnContacts.app */ = {isa = PBXFileReference; explicitFileType = wrapper.application; includeInIndex = 0; path = MyOwnContacts.app; sourceTree = BUILT_PRODUCTS_DIR; };
		0D520BE528D3107800861024 /* MyOwnContactsApp.swift */ = {isa = PBXFileReference; lastKnownFileType = sourcecode.swift; path = MyOwnContactsApp.swift; sourceTree = "<group>"; };
		0D520BE728D3107800861024 /* HomeView.swift */ = {isa = PBXFileReference; lastKnownFileType = sourcecode.swift; path = HomeView.swift; sourceTree = "<group>"; };
		0D520BE928D3107900861024 /* Assets.xcassets */ = {isa = PBXFileReference; lastKnownFileType = folder.assetcatalog; path = Assets.xcassets; sourceTree = "<group>"; };
		0D520BEC28D3107900861024 /* Preview Assets.xcassets */ = {isa = PBXFileReference; lastKnownFileType = folder.assetcatalog; path = "Preview Assets.xcassets"; sourceTree = "<group>"; };
		0D520BF728D310C700861024 /* ContactsWidgetExtension.appex */ = {isa = PBXFileReference; explicitFileType = "wrapper.app-extension"; includeInIndex = 0; path = ContactsWidgetExtension.appex; sourceTree = BUILT_PRODUCTS_DIR; };
		0D520BF928D310C700861024 /* WidgetKit.framework */ = {isa = PBXFileReference; lastKnownFileType = wrapper.framework; name = WidgetKit.framework; path = System/Library/Frameworks/WidgetKit.framework; sourceTree = SDKROOT; };
		0D520BFB28D310C700861024 /* SwiftUI.framework */ = {isa = PBXFileReference; lastKnownFileType = wrapper.framework; name = SwiftUI.framework; path = System/Library/Frameworks/SwiftUI.framework; sourceTree = SDKROOT; };
		0D520BFE28D310C700861024 /* ContactsWidget.swift */ = {isa = PBXFileReference; lastKnownFileType = sourcecode.swift; path = ContactsWidget.swift; sourceTree = "<group>"; };
		0D520C0028D310C700861024 /* Assets.xcassets */ = {isa = PBXFileReference; lastKnownFileType = folder.assetcatalog; path = Assets.xcassets; sourceTree = "<group>"; };
		0D520C0228D310C700861024 /* Info.plist */ = {isa = PBXFileReference; lastKnownFileType = text.plist.xml; path = Info.plist; sourceTree = "<group>"; };
		0D6614EF28E8235100322000 /* ContactRowView.swift */ = {isa = PBXFileReference; lastKnownFileType = sourcecode.swift; path = ContactRowView.swift; sourceTree = "<group>"; };
		0D6614F328E855F000322000 /* Provider.swift */ = {isa = PBXFileReference; lastKnownFileType = sourcecode.swift; path = Provider.swift; sourceTree = "<group>"; };
		0D6614F528E8589B00322000 /* ContactEntry.swift */ = {isa = PBXFileReference; lastKnownFileType = sourcecode.swift; path = ContactEntry.swift; sourceTree = "<group>"; };
		0D6614F928E8660E00322000 /* MediumSizeView.swift */ = {isa = PBXFileReference; lastKnownFileType = sourcecode.swift; path = MediumSizeView.swift; sourceTree = "<group>"; };
		0D6614FE28E8991B00322000 /* ContactDetailsView.swift */ = {isa = PBXFileReference; lastKnownFileType = sourcecode.swift; path = ContactDetailsView.swift; sourceTree = "<group>"; };
		0D66150128E89B5D00322000 /* Helpers.swift */ = {isa = PBXFileReference; lastKnownFileType = sourcecode.swift; path = Helpers.swift; sourceTree = "<group>"; };
		0D66150428E89DAB00322000 /* ContactServices.swift */ = {isa = PBXFileReference; lastKnownFileType = sourcecode.swift; path = ContactServices.swift; sourceTree = "<group>"; };
		0D66150828E89E4C00322000 /* Contact.swift */ = {isa = PBXFileReference; lastKnownFileType = sourcecode.swift; path = Contact.swift; sourceTree = "<group>"; };
		0D66150C28E8A3AE00322000 /* SmallSizeView.swift */ = {isa = PBXFileReference; lastKnownFileType = sourcecode.swift; path = SmallSizeView.swift; sourceTree = "<group>"; };
		0D72C9F128FF1FD7005A76F2 /* TimelineView.swift */ = {isa = PBXFileReference; lastKnownFileType = sourcecode.swift; path = TimelineView.swift; sourceTree = "<group>"; };
		0D72C9F328FF1FF4005A76F2 /* CalendarServices.swift */ = {isa = PBXFileReference; lastKnownFileType = sourcecode.swift; path = CalendarServices.swift; sourceTree = "<group>"; };
		0D72C9F528FF1FFF005A76F2 /* CalendarEntry.swift */ = {isa = PBXFileReference; lastKnownFileType = sourcecode.swift; path = CalendarEntry.swift; sourceTree = "<group>"; };
		0DA251F128E978FC005D19F6 /* Info.plist */ = {isa = PBXFileReference; lastKnownFileType = text.plist; path = Info.plist; sourceTree = "<group>"; };
		0DAEFADA28E7CFBB002E055A /* ContactWidgetView.swift */ = {isa = PBXFileReference; lastKnownFileType = sourcecode.swift; path = ContactWidgetView.swift; sourceTree = "<group>"; };
/* End PBXFileReference section */

/* Begin PBXFrameworksBuildPhase section */
		0D520BDF28D3107800861024 /* Frameworks */ = {
			isa = PBXFrameworksBuildPhase;
			buildActionMask = 2147483647;
			files = (
			);
			runOnlyForDeploymentPostprocessing = 0;
		};
		0D520BF428D310C700861024 /* Frameworks */ = {
			isa = PBXFrameworksBuildPhase;
			buildActionMask = 2147483647;
			files = (
				0D520BFC28D310C700861024 /* SwiftUI.framework in Frameworks */,
				0D520BFA28D310C700861024 /* WidgetKit.framework in Frameworks */,
			);
			runOnlyForDeploymentPostprocessing = 0;
		};
/* End PBXFrameworksBuildPhase section */

/* Begin PBXGroup section */
		0D520BD928D3107800861024 = {
			isa = PBXGroup;
			children = (
				0D520BE428D3107800861024 /* MyOwnContacts */,
				0D520BFD28D310C700861024 /* ContactsWidget */,
				0D520BF828D310C700861024 /* Frameworks */,
				0D520BE328D3107800861024 /* Products */,
			);
			sourceTree = "<group>";
		};
		0D520BE328D3107800861024 /* Products */ = {
			isa = PBXGroup;
			children = (
				0D520BE228D3107800861024 /* MyOwnContacts.app */,
				0D520BF728D310C700861024 /* ContactsWidgetExtension.appex */,
			);
			name = Products;
			sourceTree = "<group>";
		};
		0D520BE428D3107800861024 /* MyOwnContacts */ = {
			isa = PBXGroup;
			children = (
				0DA251F128E978FC005D19F6 /* Info.plist */,
				0D66150728E89E4100322000 /* Models */,
				0D66150328E89D9F00322000 /* Services */,
				0D66150028E89B5500322000 /* Utilities */,
				0D520BE528D3107800861024 /* MyOwnContactsApp.swift */,
				0D520BE728D3107800861024 /* HomeView.swift */,
				0D72C9F128FF1FD7005A76F2 /* TimelineView.swift */,
				0D6614EF28E8235100322000 /* ContactRowView.swift */,
				0D6614FE28E8991B00322000 /* ContactDetailsView.swift */,
				0D520BE928D3107900861024 /* Assets.xcassets */,
				0D520BEB28D3107900861024 /* Preview Content */,
			);
			path = MyOwnContacts;
			sourceTree = "<group>";
		};
		0D520BEB28D3107900861024 /* Preview Content */ = {
			isa = PBXGroup;
			children = (
				0D520BEC28D3107900861024 /* Preview Assets.xcassets */,
			);
			path = "Preview Content";
			sourceTree = "<group>";
		};
		0D520BF828D310C700861024 /* Frameworks */ = {
			isa = PBXGroup;
			children = (
				0D520BF928D310C700861024 /* WidgetKit.framework */,
				0D520BFB28D310C700861024 /* SwiftUI.framework */,
			);
			name = Frameworks;
			sourceTree = "<group>";
		};
		0D520BFD28D310C700861024 /* ContactsWidget */ = {
			isa = PBXGroup;
			children = (
				0D520C0028D310C700861024 /* Assets.xcassets */,
				0D520BFE28D310C700861024 /* ContactsWidget.swift */,
				0D520C0228D310C700861024 /* Info.plist */,
				0D6614F328E855F000322000 /* Provider.swift */,
				0D6614F528E8589B00322000 /* ContactEntry.swift */,
				0D6614FD28E8666C00322000 /* Views */,
			);
			path = ContactsWidget;
			sourceTree = "<group>";
		};
		0D6614FD28E8666C00322000 /* Views */ = {
			isa = PBXGroup;
			children = (
				0DAEFADA28E7CFBB002E055A /* ContactWidgetView.swift */,
				0D6614F928E8660E00322000 /* MediumSizeView.swift */,
				0D66150C28E8A3AE00322000 /* SmallSizeView.swift */,
			);
			path = Views;
			sourceTree = "<group>";
		};
		0D66150028E89B5500322000 /* Utilities */ = {
			isa = PBXGroup;
			children = (
				0D66150128E89B5D00322000 /* Helpers.swift */,
			);
			path = Utilities;
			sourceTree = "<group>";
		};
		0D66150328E89D9F00322000 /* Services */ = {
			isa = PBXGroup;
			children = (
				0D66150428E89DAB00322000 /* ContactServices.swift */,
				0D72C9F328FF1FF4005A76F2 /* CalendarServices.swift */,
			);
			path = Services;
			sourceTree = "<group>";
		};
		0D66150728E89E4100322000 /* Models */ = {
			isa = PBXGroup;
			children = (
				0D66150828E89E4C00322000 /* Contact.swift */,
				0D72C9F528FF1FFF005A76F2 /* CalendarEntry.swift */,
			);
			path = Models;
			sourceTree = "<group>";
		};
/* End PBXGroup section */

/* Begin PBXNativeTarget section */
		0D520BE128D3107800861024 /* MyOwnContacts */ = {
			isa = PBXNativeTarget;
			buildConfigurationList = 0D520BF028D3107900861024 /* Build configuration list for PBXNativeTarget "MyOwnContacts" */;
			buildPhases = (
				0D520BDE28D3107800861024 /* Sources */,
				0D520BDF28D3107800861024 /* Frameworks */,
				0D520BE028D3107800861024 /* Resources */,
				0D520C0928D310C700861024 /* Embed App Extensions */,
			);
			buildRules = (
			);
			dependencies = (
				0D520C0428D310C700861024 /* PBXTargetDependency */,
			);
			name = MyOwnContacts;
			productName = MyOwnContacts;
			productReference = 0D520BE228D3107800861024 /* MyOwnContacts.app */;
			productType = "com.apple.product-type.application";
		};
		0D520BF628D310C700861024 /* ContactsWidgetExtension */ = {
			isa = PBXNativeTarget;
			buildConfigurationList = 0D520C0628D310C700861024 /* Build configuration list for PBXNativeTarget "ContactsWidgetExtension" */;
			buildPhases = (
				0D520BF328D310C700861024 /* Sources */,
				0D520BF428D310C700861024 /* Frameworks */,
				0D520BF528D310C700861024 /* Resources */,
			);
			buildRules = (
			);
			dependencies = (
			);
			name = ContactsWidgetExtension;
			productName = ContactsWidgetExtension;
			productReference = 0D520BF728D310C700861024 /* ContactsWidgetExtension.appex */;
			productType = "com.apple.product-type.app-extension";
		};
/* End PBXNativeTarget section */

/* Begin PBXProject section */
		0D520BDA28D3107800861024 /* Project object */ = {
			isa = PBXProject;
			attributes = {
				BuildIndependentTargetsInParallel = 1;
				LastSwiftUpdateCheck = 1340;
				LastUpgradeCheck = 1340;
				TargetAttributes = {
					0D520BE128D3107800861024 = {
						CreatedOnToolsVersion = 13.4.1;
					};
					0D520BF628D310C700861024 = {
						CreatedOnToolsVersion = 13.4.1;
					};
				};
			};
			buildConfigurationList = 0D520BDD28D3107800861024 /* Build configuration list for PBXProject "MyOwnContacts" */;
			compatibilityVersion = "Xcode 13.0";
			developmentRegion = en;
			hasScannedForEncodings = 0;
			knownRegions = (
				en,
				Base,
			);
			mainGroup = 0D520BD928D3107800861024;
			productRefGroup = 0D520BE328D3107800861024 /* Products */;
			projectDirPath = "";
			projectRoot = "";
			targets = (
				0D520BE128D3107800861024 /* MyOwnContacts */,
				0D520BF628D310C700861024 /* ContactsWidgetExtension */,
			);
		};
/* End PBXProject section */

/* Begin PBXResourcesBuildPhase section */
		0D520BE028D3107800861024 /* Resources */ = {
			isa = PBXResourcesBuildPhase;
			buildActionMask = 2147483647;
			files = (
				0D520BED28D3107900861024 /* Preview Assets.xcassets in Resources */,
				0D520BEA28D3107900861024 /* Assets.xcassets in Resources */,
			);
			runOnlyForDeploymentPostprocessing = 0;
		};
		0D520BF528D310C700861024 /* Resources */ = {
			isa = PBXResourcesBuildPhase;
			buildActionMask = 2147483647;
			files = (
				0D520C0128D310C700861024 /* Assets.xcassets in Resources */,
			);
			runOnlyForDeploymentPostprocessing = 0;
		};
/* End PBXResourcesBuildPhase section */

/* Begin PBXSourcesBuildPhase section */
		0D520BDE28D3107800861024 /* Sources */ = {
			isa = PBXSourcesBuildPhase;
			buildActionMask = 2147483647;
			files = (
				0D6614FF28E8991B00322000 /* ContactDetailsView.swift in Sources */,
				0D66150228E89B5D00322000 /* Helpers.swift in Sources */,
				0D72C9F228FF1FD7005A76F2 /* TimelineView.swift in Sources */,
				0D66150528E89DAB00322000 /* ContactServices.swift in Sources */,
				0D66150928E89E4C00322000 /* Contact.swift in Sources */,
				0D6614F028E8235100322000 /* ContactRowView.swift in Sources */,
				0D520BE828D3107800861024 /* HomeView.swift in Sources */,
				0D520BE628D3107800861024 /* MyOwnContactsApp.swift in Sources */,
				0D72C9F628FF1FFF005A76F2 /* CalendarEntry.swift in Sources */,
				0D72C9F428FF1FF4005A76F2 /* CalendarServices.swift in Sources */,
			);
			runOnlyForDeploymentPostprocessing = 0;
		};
		0D520BF328D310C700861024 /* Sources */ = {
			isa = PBXSourcesBuildPhase;
			buildActionMask = 2147483647;
			files = (
				0DAEFADB28E7CFBB002E055A /* ContactWidgetView.swift in Sources */,
				0D6614F428E855F000322000 /* Provider.swift in Sources */,
				0D66150628E89E3100322000 /* ContactServices.swift in Sources */,
				0D6614FA28E8660E00322000 /* MediumSizeView.swift in Sources */,
				0D66150B28E89E7000322000 /* Helpers.swift in Sources */,
				0D66150D28E8A3AE00322000 /* SmallSizeView.swift in Sources */,
				0D66150A28E89E4C00322000 /* Contact.swift in Sources */,
				0D520BFF28D310C700861024 /* ContactsWidget.swift in Sources */,
				0D6614F628E8589B00322000 /* ContactEntry.swift in Sources */,
			);
			runOnlyForDeploymentPostprocessing = 0;
		};
/* End PBXSourcesBuildPhase section */

/* Begin PBXTargetDependency section */
		0D520C0428D310C700861024 /* PBXTargetDependency */ = {
			isa = PBXTargetDependency;
			target = 0D520BF628D310C700861024 /* ContactsWidgetExtension */;
			targetProxy = 0D520C0328D310C700861024 /* PBXContainerItemProxy */;
		};
/* End PBXTargetDependency section */

/* Begin XCBuildConfiguration section */
		0D520BEE28D3107900861024 /* Debug */ = {
			isa = XCBuildConfiguration;
			buildSettings = {
				ALWAYS_SEARCH_USER_PATHS = NO;
				CLANG_ANALYZER_NONNULL = YES;
				CLANG_ANALYZER_NUMBER_OBJECT_CONVERSION = YES_AGGRESSIVE;
				CLANG_CXX_LANGUAGE_STANDARD = "gnu++17";
				CLANG_ENABLE_MODULES = YES;
				CLANG_ENABLE_OBJC_ARC = YES;
				CLANG_ENABLE_OBJC_WEAK = YES;
				CLANG_WARN_BLOCK_CAPTURE_AUTORELEASING = YES;
				CLANG_WARN_BOOL_CONVERSION = YES;
				CLANG_WARN_COMMA = YES;
				CLANG_WARN_CONSTANT_CONVERSION = YES;
				CLANG_WARN_DEPRECATED_OBJC_IMPLEMENTATIONS = YES;
				CLANG_WARN_DIRECT_OBJC_ISA_USAGE = YES_ERROR;
				CLANG_WARN_DOCUMENTATION_COMMENTS = YES;
				CLANG_WARN_EMPTY_BODY = YES;
				CLANG_WARN_ENUM_CONVERSION = YES;
				CLANG_WARN_INFINITE_RECURSION = YES;
				CLANG_WARN_INT_CONVERSION = YES;
				CLANG_WARN_NON_LITERAL_NULL_CONVERSION = YES;
				CLANG_WARN_OBJC_IMPLICIT_RETAIN_SELF = YES;
				CLANG_WARN_OBJC_LITERAL_CONVERSION = YES;
				CLANG_WARN_OBJC_ROOT_CLASS = YES_ERROR;
				CLANG_WARN_QUOTED_INCLUDE_IN_FRAMEWORK_HEADER = YES;
				CLANG_WARN_RANGE_LOOP_ANALYSIS = YES;
				CLANG_WARN_STRICT_PROTOTYPES = YES;
				CLANG_WARN_SUSPICIOUS_MOVE = YES;
				CLANG_WARN_UNGUARDED_AVAILABILITY = YES_AGGRESSIVE;
				CLANG_WARN_UNREACHABLE_CODE = YES;
				CLANG_WARN__DUPLICATE_METHOD_MATCH = YES;
				COPY_PHASE_STRIP = NO;
				DEBUG_INFORMATION_FORMAT = dwarf;
				ENABLE_STRICT_OBJC_MSGSEND = YES;
				ENABLE_TESTABILITY = YES;
				GCC_C_LANGUAGE_STANDARD = gnu11;
				GCC_DYNAMIC_NO_PIC = NO;
				GCC_NO_COMMON_BLOCKS = YES;
				GCC_OPTIMIZATION_LEVEL = 0;
				GCC_PREPROCESSOR_DEFINITIONS = (
					"DEBUG=1",
					"$(inherited)",
				);
				GCC_WARN_64_TO_32_BIT_CONVERSION = YES;
				GCC_WARN_ABOUT_RETURN_TYPE = YES_ERROR;
				GCC_WARN_UNDECLARED_SELECTOR = YES;
				GCC_WARN_UNINITIALIZED_AUTOS = YES_AGGRESSIVE;
				GCC_WARN_UNUSED_FUNCTION = YES;
				GCC_WARN_UNUSED_VARIABLE = YES;
				IPHONEOS_DEPLOYMENT_TARGET = 15.5;
				MTL_ENABLE_DEBUG_INFO = INCLUDE_SOURCE;
				MTL_FAST_MATH = YES;
				ONLY_ACTIVE_ARCH = YES;
				SDKROOT = iphoneos;
				SWIFT_ACTIVE_COMPILATION_CONDITIONS = DEBUG;
				SWIFT_OPTIMIZATION_LEVEL = "-Onone";
			};
			name = Debug;
		};
		0D520BEF28D3107900861024 /* Release */ = {
			isa = XCBuildConfiguration;
			buildSettings = {
				ALWAYS_SEARCH_USER_PATHS = NO;
				CLANG_ANALYZER_NONNULL = YES;
				CLANG_ANALYZER_NUMBER_OBJECT_CONVERSION = YES_AGGRESSIVE;
				CLANG_CXX_LANGUAGE_STANDARD = "gnu++17";
				CLANG_ENABLE_MODULES = YES;
				CLANG_ENABLE_OBJC_ARC = YES;
				CLANG_ENABLE_OBJC_WEAK = YES;
				CLANG_WARN_BLOCK_CAPTURE_AUTORELEASING = YES;
				CLANG_WARN_BOOL_CONVERSION = YES;
				CLANG_WARN_COMMA = YES;
				CLANG_WARN_CONSTANT_CONVERSION = YES;
				CLANG_WARN_DEPRECATED_OBJC_IMPLEMENTATIONS = YES;
				CLANG_WARN_DIRECT_OBJC_ISA_USAGE = YES_ERROR;
				CLANG_WARN_DOCUMENTATION_COMMENTS = YES;
				CLANG_WARN_EMPTY_BODY = YES;
				CLANG_WARN_ENUM_CONVERSION = YES;
				CLANG_WARN_INFINITE_RECURSION = YES;
				CLANG_WARN_INT_CONVERSION = YES;
				CLANG_WARN_NON_LITERAL_NULL_CONVERSION = YES;
				CLANG_WARN_OBJC_IMPLICIT_RETAIN_SELF = YES;
				CLANG_WARN_OBJC_LITERAL_CONVERSION = YES;
				CLANG_WARN_OBJC_ROOT_CLASS = YES_ERROR;
				CLANG_WARN_QUOTED_INCLUDE_IN_FRAMEWORK_HEADER = YES;
				CLANG_WARN_RANGE_LOOP_ANALYSIS = YES;
				CLANG_WARN_STRICT_PROTOTYPES = YES;
				CLANG_WARN_SUSPICIOUS_MOVE = YES;
				CLANG_WARN_UNGUARDED_AVAILABILITY = YES_AGGRESSIVE;
				CLANG_WARN_UNREACHABLE_CODE = YES;
				CLANG_WARN__DUPLICATE_METHOD_MATCH = YES;
				COPY_PHASE_STRIP = NO;
				DEBUG_INFORMATION_FORMAT = "dwarf-with-dsym";
				ENABLE_NS_ASSERTIONS = NO;
				ENABLE_STRICT_OBJC_MSGSEND = YES;
				GCC_C_LANGUAGE_STANDARD = gnu11;
				GCC_NO_COMMON_BLOCKS = YES;
				GCC_WARN_64_TO_32_BIT_CONVERSION = YES;
				GCC_WARN_ABOUT_RETURN_TYPE = YES_ERROR;
				GCC_WARN_UNDECLARED_SELECTOR = YES;
				GCC_WARN_UNINITIALIZED_AUTOS = YES_AGGRESSIVE;
				GCC_WARN_UNUSED_FUNCTION = YES;
				GCC_WARN_UNUSED_VARIABLE = YES;
				IPHONEOS_DEPLOYMENT_TARGET = 15.5;
				MTL_ENABLE_DEBUG_INFO = NO;
				MTL_FAST_MATH = YES;
				SDKROOT = iphoneos;
				SWIFT_COMPILATION_MODE = wholemodule;
				SWIFT_OPTIMIZATION_LEVEL = "-O";
				VALIDATE_PRODUCT = YES;
			};
			name = Release;
		};
		0D520BF128D3107900861024 /* Debug */ = {
			isa = XCBuildConfiguration;
			buildSettings = {
				ALWAYS_EMBED_SWIFT_STANDARD_LIBRARIES = YES;
				ASSETCATALOG_COMPILER_APPICON_NAME = AppIcon;
				ASSETCATALOG_COMPILER_GLOBAL_ACCENT_COLOR_NAME = AccentColor;
				CODE_SIGN_IDENTITY = "Apple Development";
				CODE_SIGN_STYLE = Automatic;
				CURRENT_PROJECT_VERSION = 1;
				DEVELOPMENT_ASSET_PATHS = "\"MyOwnContacts/Preview Content\"";
				DEVELOPMENT_TEAM = 46A64LW38H;
				ENABLE_PREVIEWS = YES;
				GENERATE_INFOPLIST_FILE = YES;
				INFOPLIST_FILE = MyOwnContacts/Info.plist;
				INFOPLIST_KEY_NSContactsUsageDescription = "Application wants to access your contacts list";
				INFOPLIST_KEY_UIApplicationSceneManifest_Generation = YES;
				INFOPLIST_KEY_UIApplicationSupportsIndirectInputEvents = YES;
				INFOPLIST_KEY_UILaunchScreen_Generation = YES;
				INFOPLIST_KEY_UISupportedInterfaceOrientations = UIInterfaceOrientationPortrait;
				INFOPLIST_KEY_UISupportedInterfaceOrientations_iPad = "UIInterfaceOrientationPortrait UIInterfaceOrientationPortraitUpsideDown UIInterfaceOrientationLandscapeLeft UIInterfaceOrientationLandscapeRight";
				INFOPLIST_KEY_UISupportedInterfaceOrientations_iPhone = "UIInterfaceOrientationPortrait UIInterfaceOrientationLandscapeLeft UIInterfaceOrientationLandscapeRight";
				LD_RUNPATH_SEARCH_PATHS = (
					"$(inherited)",
					"@executable_path/Frameworks",
				);
				MARKETING_VERSION = 1.0;
				PRODUCT_BUNDLE_IDENTIFIER = com.avinash.MyOwnContacts;
				PRODUCT_NAME = "$(TARGET_NAME)";
				PROVISIONING_PROFILE_SPECIFIER = "";
				SWIFT_EMIT_LOC_STRINGS = YES;
				SWIFT_VERSION = 5.0;
				TARGETED_DEVICE_FAMILY = "1,2";
			};
			name = Debug;
		};
		0D520BF228D3107900861024 /* Release */ = {
			isa = XCBuildConfiguration;
			buildSettings = {
				ALWAYS_EMBED_SWIFT_STANDARD_LIBRARIES = YES;
				ASSETCATALOG_COMPILER_APPICON_NAME = AppIcon;
				ASSETCATALOG_COMPILER_GLOBAL_ACCENT_COLOR_NAME = AccentColor;
				CODE_SIGN_IDENTITY = "Apple Development";
				CODE_SIGN_STYLE = Automatic;
				CURRENT_PROJECT_VERSION = 1;
				DEVELOPMENT_ASSET_PATHS = "\"MyOwnContacts/Preview Content\"";
				DEVELOPMENT_TEAM = 46A64LW38H;
				ENABLE_PREVIEWS = YES;
				GENERATE_INFOPLIST_FILE = YES;
				INFOPLIST_FILE = MyOwnContacts/Info.plist;
				INFOPLIST_KEY_NSContactsUsageDescription = "Application wants to access your contacts list";
				INFOPLIST_KEY_UIApplicationSceneManifest_Generation = YES;
				INFOPLIST_KEY_UIApplicationSupportsIndirectInputEvents = YES;
				INFOPLIST_KEY_UILaunchScreen_Generation = YES;
				INFOPLIST_KEY_UISupportedInterfaceOrientations = UIInterfaceOrientationPortrait;
				INFOPLIST_KEY_UISupportedInterfaceOrientations_iPad = "UIInterfaceOrientationPortrait UIInterfaceOrientationPortraitUpsideDown UIInterfaceOrientationLandscapeLeft UIInterfaceOrientationLandscapeRight";
				INFOPLIST_KEY_UISupportedInterfaceOrientations_iPhone = "UIInterfaceOrientationPortrait UIInterfaceOrientationLandscapeLeft UIInterfaceOrientationLandscapeRight";
				LD_RUNPATH_SEARCH_PATHS = (
					"$(inherited)",
					"@executable_path/Frameworks",
				);
				MARKETING_VERSION = 1.0;
				PRODUCT_BUNDLE_IDENTIFIER = com.avinash.MyOwnContacts;
				PRODUCT_NAME = "$(TARGET_NAME)";
				PROVISIONING_PROFILE_SPECIFIER = "";
				SWIFT_EMIT_LOC_STRINGS = YES;
				SWIFT_VERSION = 5.0;
				TARGETED_DEVICE_FAMILY = "1,2";
			};
			name = Release;
		};
		0D520C0728D310C700861024 /* Debug */ = {
			isa = XCBuildConfiguration;
			buildSettings = {
				ASSETCATALOG_COMPILER_GLOBAL_ACCENT_COLOR_NAME = AccentColor;
				ASSETCATALOG_COMPILER_WIDGET_BACKGROUND_COLOR_NAME = WidgetBackground;
				CODE_SIGN_STYLE = Automatic;
				CURRENT_PROJECT_VERSION = 1;
				DEVELOPMENT_TEAM = 46A64LW38H;
				GENERATE_INFOPLIST_FILE = YES;
				INFOPLIST_FILE = ContactsWidget/Info.plist;
				INFOPLIST_KEY_CFBundleDisplayName = ContactsWidget;
				INFOPLIST_KEY_NSHumanReadableCopyright = "";
				LD_RUNPATH_SEARCH_PATHS = (
					"$(inherited)",
					"@executable_path/Frameworks",
					"@executable_path/../../Frameworks",
				);
				MARKETING_VERSION = 1.0;
				PRODUCT_BUNDLE_IDENTIFIER = com.avinash.MyOwnContacts.ContactsWidget;
				PRODUCT_NAME = "$(TARGET_NAME)";
				SKIP_INSTALL = YES;
				SWIFT_EMIT_LOC_STRINGS = YES;
				SWIFT_VERSION = 5.0;
				TARGETED_DEVICE_FAMILY = "1,2";
			};
			name = Debug;
		};
		0D520C0828D310C700861024 /* Release */ = {
			isa = XCBuildConfiguration;
			buildSettings = {
				ASSETCATALOG_COMPILER_GLOBAL_ACCENT_COLOR_NAME = AccentColor;
				ASSETCATALOG_COMPILER_WIDGET_BACKGROUND_COLOR_NAME = WidgetBackground;
				CODE_SIGN_STYLE = Automatic;
				CURRENT_PROJECT_VERSION = 1;
				DEVELOPMENT_TEAM = 46A64LW38H;
				GENERATE_INFOPLIST_FILE = YES;
				INFOPLIST_FILE = ContactsWidget/Info.plist;
				INFOPLIST_KEY_CFBundleDisplayName = ContactsWidget;
				INFOPLIST_KEY_NSHumanReadableCopyright = "";
				LD_RUNPATH_SEARCH_PATHS = (
					"$(inherited)",
					"@executable_path/Frameworks",
					"@executable_path/../../Frameworks",
				);
				MARKETING_VERSION = 1.0;
				PRODUCT_BUNDLE_IDENTIFIER = com.avinash.MyOwnContacts.ContactsWidget;
				PRODUCT_NAME = "$(TARGET_NAME)";
				SKIP_INSTALL = YES;
				SWIFT_EMIT_LOC_STRINGS = YES;
				SWIFT_VERSION = 5.0;
				TARGETED_DEVICE_FAMILY = "1,2";
			};
			name = Release;
		};
/* End XCBuildConfiguration section */

/* Begin XCConfigurationList section */
		0D520BDD28D3107800861024 /* Build configuration list for PBXProject "MyOwnContacts" */ = {
			isa = XCConfigurationList;
			buildConfigurations = (
				0D520BEE28D3107900861024 /* Debug */,
				0D520BEF28D3107900861024 /* Release */,
			);
			defaultConfigurationIsVisible = 0;
			defaultConfigurationName = Release;
		};
		0D520BF028D3107900861024 /* Build configuration list for PBXNativeTarget "MyOwnContacts" */ = {
			isa = XCConfigurationList;
			buildConfigurations = (
				0D520BF128D3107900861024 /* Debug */,
				0D520BF228D3107900861024 /* Release */,
			);
			defaultConfigurationIsVisible = 0;
			defaultConfigurationName = Release;
		};
		0D520C0628D310C700861024 /* Build configuration list for PBXNativeTarget "ContactsWidgetExtension" */ = {
			isa = XCConfigurationList;
			buildConfigurations = (
				0D520C0728D310C700861024 /* Debug */,
				0D520C0828D310C700861024 /* Release */,
			);
			defaultConfigurationIsVisible = 0;
			defaultConfigurationName = Release;
		};
/* End XCConfigurationList section */
	};
	rootObject = 0D520BDA28D3107800861024 /* Project object */;
}
